
Microsoft Visual Studio Solution File, Format Version 12.00
# Visual Studio 2017
Project("{FAE04EC0-301F-11D3-BF4B-00C04F79EFBC}") = "Test game", "Test game.csproj", "{C66C9480-E283-1C55-E82F-9049122664C0}"
EndProject
Project("{FAE04EC0-301F-11D3-BF4B-00C04F79EFBC}") = "Test game.Plugins", "Test game.Plugins.csproj", "{684D21FF-4FDB-D10F-8008-2A11E2977113}"
EndProject
Project("{FAE04EC0-301F-11D3-BF4B-00C04F79EFBC}") = "Test game.Editor.Plugins", "Test game.Editor.Plugins.csproj", "{9DF381B9-A3CF-8B04-448D-98B7208F059F}"
EndProject
Global
	GlobalSection(SolutionConfigurationPlatforms) = preSolution
		Debug|Any CPU = Debug|Any CPU
		Release|Any CPU = Release|Any CPU
	EndGlobalSection
	GlobalSection(ProjectConfigurationPlatforms) = postSolution
		{C66C9480-E283-1C55-E82F-9049122664C0}.Debug|Any CPU.ActiveCfg = Debug|Any CPU
		{C66C9480-E283-1C55-E82F-9049122664C0}.Debug|Any CPU.Build.0 = Debug|Any CPU
		{C66C9480-E283-1C55-E82F-9049122664C0}.Release|Any CPU.ActiveCfg = Release|Any CPU
		{C66C9480-E283-1C55-E82F-9049122664C0}.Release|Any CPU.Build.0 = Release|Any CPU
		{684D21FF-4FDB-D10F-8008-2A11E2977113}.Debug|Any CPU.ActiveCfg = Debug|Any CPU
		{684D21FF-4FDB-D10F-8008-2A11E2977113}.Debug|Any CPU.Build.0 = Debug|Any CPU
		{684D21FF-4FDB-D10F-8008-2A11E2977113}.Release|Any CPU.ActiveCfg = Release|Any CPU
		{684D21FF-4FDB-D10F-8008-2A11E2977113}.Release|Any CPU.Build.0 = Release|Any CPU
		{9DF381B9-A3CF-8B04-448D-98B7208F059F}.Debug|Any CPU.ActiveCfg = Debug|Any CPU
		{9DF381B9-A3CF-8B04-448D-98B7208F059F}.Debug|Any CPU.Build.0 = Debug|Any CPU
		{9DF381B9-A3CF-8B04-448D-98B7208F059F}.Release|Any CPU.ActiveCfg = Release|Any CPU
		{9DF381B9-A3CF-8B04-448D-98B7208F059F}.Release|Any CPU.Build.0 = Release|Any CPU
	EndGlobalSection
	GlobalSection(SolutionProperties) = preSolution
		HideSolutionNode = FALSE
	EndGlobalSection
EndGlobal
